
Microsoft Visual Studio Solution File, Format Version 12.00
# Visual Studio Version 17
VisualStudioVersion = 17.3.32819.101
MinimumVisualStudioVersion = 10.0.40219.1
Project("{FAE04EC0-301F-11D3-BF4B-00C04F79EFBC}") = "Printing3dApp", "Printing3dApp\Printing3dApp.csproj", "{B3F6062B-8267-46B2-8E41-39836D82E927}"
EndProject
Global
	GlobalSection(SolutionConfigurationPlatforms) = preSolution
		Debug|Any CPU = Debug|Any CPU
		Release|Any CPU = Release|Any CPU
	EndGlobalSection
	GlobalSection(ProjectConfigurationPlatforms) = postSolution
		{B3F6062B-8267-46B2-8E41-39836D82E927}.Debug|Any CPU.ActiveCfg = Debug|Any CPU
		{B3F6062B-8267-46B2-8E41-39836D82E927}.Debug|Any CPU.Build.0 = Debug|Any CPU
		{B3F6062B-8267-46B2-8E41-39836D82E927}.Release|Any CPU.ActiveCfg = Release|Any CPU
		{B3F6062B-8267-46B2-8E41-39836D82E927}.Release|Any CPU.Build.0 = Release|Any CPU
	EndGlobalSection
	GlobalSection(SolutionProperties) = preSolution
		HideSolutionNode = FALSE
	EndGlobalSection
	GlobalSection(ExtensibilityGlobals) = postSolution
		SolutionGuid = {0E64FDC3-2CBF-4962-A222-3B7BA899707F}
	EndGlobalSection
EndGlobal
